// !$*UTF8*$!
{
	archiveVersion = 1;
	classes = {
	};
	objectVersion = 56;
	objects = {

/* Begin PBXBuildFile section */
		A8112FA22BFC0CC9009F9672 /* AppDelegate.swift in Sources */ = {isa = PBXBuildFile; fileRef = A8112FA12BFC0CC9009F9672 /* AppDelegate.swift */; };
		A8112FA42BFC0CC9009F9672 /* SceneDelegate.swift in Sources */ = {isa = PBXBuildFile; fileRef = A8112FA32BFC0CC9009F9672 /* SceneDelegate.swift */; };
		A8112FA62BFC0CC9009F9672 /* ViewController.swift in Sources */ = {isa = PBXBuildFile; fileRef = A8112FA52BFC0CC9009F9672 /* ViewController.swift */; };
		A8112FA92BFC0CC9009F9672 /* Base in Resources */ = {isa = PBXBuildFile; fileRef = A8112FA82BFC0CC9009F9672 /* Base */; };
		A8112FAB2BFC0CCB009F9672 /* Assets.xcassets in Resources */ = {isa = PBXBuildFile; fileRef = A8112FAA2BFC0CCB009F9672 /* Assets.xcassets */; };
		A8112FAE2BFC0CCB009F9672 /* Base in Resources */ = {isa = PBXBuildFile; fileRef = A8112FAD2BFC0CCB009F9672 /* Base */; };
		A8112FB82BFC0ED8009F9672 /* start.txt in Resources */ = {isa = PBXBuildFile; fileRef = A8112FB72BFC0ED8009F9672 /* start.txt */; };
/* End PBXBuildFile section */

/* Begin PBXFileReference section */
		A8112F9E2BFC0CC9009F9672 /* project5.app */ = {isa = PBXFileReference; explicitFileType = wrapper.application; includeInIndex = 0; path = project5.app; sourceTree = BUILT_PRODUCTS_DIR; };
		A8112FA12BFC0CC9009F9672 /* AppDelegate.swift */ = {isa = PBXFileReference; lastKnownFileType = sourcecode.swift; path = AppDelegate.swift; sourceTree = "<group>"; };
		A8112FA32BFC0CC9009F9672 /* SceneDelegate.swift */ = {isa = PBXFileReference; lastKnownFileType = sourcecode.swift; path = SceneDelegate.swift; sourceTree = "<group>"; };
		A8112FA52BFC0CC9009F9672 /* ViewController.swift */ = {isa = PBXFileReference; lastKnownFileType = sourcecode.swift; path = ViewController.swift; sourceTree = "<group>"; };
		A8112FA82BFC0CC9009F9672 /* Base */ = {isa = PBXFileReference; lastKnownFileType = file.storyboard; name = Base; path = Base.lproj/Main.storyboard; sourceTree = "<group>"; };
		A8112FAA2BFC0CCB009F9672 /* Assets.xcassets */ = {isa = PBXFileReference; lastKnownFileType = folder.assetcatalog; path = Assets.xcassets; sourceTree = "<group>"; };
		A8112FAD2BFC0CCB009F9672 /* Base */ = {isa = PBXFileReference; lastKnownFileType = file.storyboard; name = Base; path = Base.lproj/LaunchScreen.storyboard; sourceTree = "<group>"; };
		A8112FAF2BFC0CCB009F9672 /* Info.plist */ = {isa = PBXFileReference; lastKnownFileType = text.plist.xml; path = Info.plist; sourceTree = "<group>"; };
		A8112FB72BFC0ED8009F9672 /* start.txt */ = {isa = PBXFileReference; fileEncoding = 4; lastKnownFileType = text; path = start.txt; sourceTree = "<group>"; };
/* End PBXFileReference section */

/* Begin PBXFrameworksBuildPhase section */
		A8112F9B2BFC0CC9009F9672 /* Frameworks */ = {
			isa = PBXFrameworksBuildPhase;
			buildActionMask = 2147483647;
			files = (
			);
			runOnlyForDeploymentPostprocessing = 0;
		};
/* End PBXFrameworksBuildPhase section */

/* Begin PBXGroup section */
		A8112F952BFC0CC9009F9672 = {
			isa = PBXGroup;
			children = (
				A8112FA02BFC0CC9009F9672 /* project5 */,
				A8112F9F2BFC0CC9009F9672 /* Products */,
			);
			sourceTree = "<group>";
		};
		A8112F9F2BFC0CC9009F9672 /* Products */ = {
			isa = PBXGroup;
			children = (
				A8112F9E2BFC0CC9009F9672 /* project5.app */,
			);
			name = Products;
			sourceTree = "<group>";
		};
		A8112FA02BFC0CC9009F9672 /* project5 */ = {
			isa = PBXGroup;
			children = (
				A8112FA12BFC0CC9009F9672 /* AppDelegate.swift */,
				A8112FA32BFC0CC9009F9672 /* SceneDelegate.swift */,
				A8112FA52BFC0CC9009F9672 /* ViewController.swift */,
				A8112FA72BFC0CC9009F9672 /* Main.storyboard */,
				A8112FAA2BFC0CCB009F9672 /* Assets.xcassets */,
				A8112FAC2BFC0CCB009F9672 /* LaunchScreen.storyboard */,
				A8112FAF2BFC0CCB009F9672 /* Info.plist */,
				A8112FB72BFC0ED8009F9672 /* start.txt */,
			);
			path = project5;
			sourceTree = "<group>";
		};
/* End PBXGroup section */

/* Begin PBXNativeTarget section */
		A8112F9D2BFC0CC9009F9672 /* project5 */ = {
			isa = PBXNativeTarget;
			buildConfigurationList = A8112FB22BFC0CCB009F9672 /* Build configuration list for PBXNativeTarget "project5" */;
			buildPhases = (
				A8112F9A2BFC0CC9009F9672 /* Sources */,
				A8112F9B2BFC0CC9009F9672 /* Frameworks */,
				A8112F9C2BFC0CC9009F9672 /* Resources */,
			);
			buildRules = (
			);
			dependencies = (
			);
			name = project5;
			productName = project5;
			productReference = A8112F9E2BFC0CC9009F9672 /* project5.app */;
			productType = "com.apple.product-type.application";
		};
/* End PBXNativeTarget section */

/* Begin PBXProject section */
		A8112F962BFC0CC9009F9672 /* Project object */ = {
			isa = PBXProject;
			attributes = {
				BuildIndependentTargetsInParallel = 1;
				LastSwiftUpdateCheck = 1530;
				LastUpgradeCheck = 1530;
				TargetAttributes = {
					A8112F9D2BFC0CC9009F9672 = {
						CreatedOnToolsVersion = 15.3;
					};
				};
			};
			buildConfigurationList = A8112F992BFC0CC9009F9672 /* Build configuration list for PBXProject "project5" */;
			compatibilityVersion = "Xcode 14.0";
			developmentRegion = en;
			hasScannedForEncodings = 0;
			knownRegions = (
				en,
				Base,
			);
			mainGroup = A8112F952BFC0CC9009F9672;
			productRefGroup = A8112F9F2BFC0CC9009F9672 /* Products */;
			projectDirPath = "";
			projectRoot = "";
			targets = (
				A8112F9D2BFC0CC9009F9672 /* project5 */,
			);
		};
/* End PBXProject section */

/* Begin PBXResourcesBuildPhase section */
		A8112F9C2BFC0CC9009F9672 /* Resources */ = {
			isa = PBXResourcesBuildPhase;
			buildActionMask = 2147483647;
			files = (
				A8112FAB2BFC0CCB009F9672 /* Assets.xcassets in Resources */,
				A8112FB82BFC0ED8009F9672 /* start.txt in Resources */,
				A8112FAE2BFC0CCB009F9672 /* Base in Resources */,
				A8112FA92BFC0CC9009F9672 /* Base in Resources */,
			);
			runOnlyForDeploymentPostprocessing = 0;
		};
/* End PBXResourcesBuildPhase section */

/* Begin PBXSourcesBuildPhase section */
		A8112F9A2BFC0CC9009F9672 /* Sources */ = {
			isa = PBXSourcesBuildPhase;
			buildActionMask = 2147483647;
			files = (
				A8112FA62BFC0CC9009F9672 /* ViewController.swift in Sources */,
				A8112FA22BFC0CC9009F9672 /* AppDelegate.swift in Sources */,
				A8112FA42BFC0CC9009F9672 /* SceneDelegate.swift in Sources */,
			);
			runOnlyForDeploymentPostprocessing = 0;
		};
/* End PBXSourcesBuildPhase section */

/* Begin PBXVariantGroup section */
		A8112FA72BFC0CC9009F9672 /* Main.storyboard */ = {
			isa = PBXVariantGroup;
			children = (
				A8112FA82BFC0CC9009F9672 /* Base */,
			);
			name = Main.storyboard;
			sourceTree = "<group>";
		};
		A8112FAC2BFC0CCB009F9672 /* LaunchScreen.storyboard */ = {
			isa = PBXVariantGroup;
			children = (
				A8112FAD2BFC0CCB009F9672 /* Base */,
			);
			name = LaunchScreen.storyboard;
			sourceTree = "<group>";
		};
/* End PBXVariantGroup section */

/* Begin XCBuildConfiguration section */
		A8112FB02BFC0CCB009F9672 /* Debug */ = {
			isa = XCBuildConfiguration;
			buildSettings = {
				ALWAYS_SEARCH_USER_PATHS = NO;
				ASSETCATALOG_COMPILER_GENERATE_SWIFT_ASSET_SYMBOL_EXTENSIONS = YES;
				CLANG_ANALYZER_NONNULL = YES;
				CLANG_ANALYZER_NUMBER_OBJECT_CONVERSION = YES_AGGRESSIVE;
				CLANG_CXX_LANGUAGE_STANDARD = "gnu++20";
				CLANG_ENABLE_MODULES = YES;
				CLANG_ENABLE_OBJC_ARC = YES;
				CLANG_ENABLE_OBJC_WEAK = YES;
				CLANG_WARN_BLOCK_CAPTURE_AUTORELEASING = YES;
				CLANG_WARN_BOOL_CONVERSION = YES;
				CLANG_WARN_COMMA = YES;
				CLANG_WARN_CONSTANT_CONVERSION = YES;
				CLANG_WARN_DEPRECATED_OBJC_IMPLEMENTATIONS = YES;
				CLANG_WARN_DIRECT_OBJC_ISA_USAGE = YES_ERROR;
				CLANG_WARN_DOCUMENTATION_COMMENTS = YES;
				CLANG_WARN_EMPTY_BODY = YES;
				CLANG_WARN_ENUM_CONVERSION = YES;
				CLANG_WARN_INFINITE_RECURSION = YES;
				CLANG_WARN_INT_CONVERSION = YES;
				CLANG_WARN_NON_LITERAL_NULL_CONVERSION = YES;
				CLANG_WARN_OBJC_IMPLICIT_RETAIN_SELF = YES;
				CLANG_WARN_OBJC_LITERAL_CONVERSION = YES;
				CLANG_WARN_OBJC_ROOT_CLASS = YES_ERROR;
				CLANG_WARN_QUOTED_INCLUDE_IN_FRAMEWORK_HEADER = YES;
				CLANG_WARN_RANGE_LOOP_ANALYSIS = YES;
				CLANG_WARN_STRICT_PROTOTYPES = YES;
				CLANG_WARN_SUSPICIOUS_MOVE = YES;
				CLANG_WARN_UNGUARDED_AVAILABILITY = YES_AGGRESSIVE;
				CLANG_WARN_UNREACHABLE_CODE = YES;
				CLANG_WARN__DUPLICATE_METHOD_MATCH = YES;
				COPY_PHASE_STRIP = NO;
				DEBUG_INFORMATION_FORMAT = dwarf;
				ENABLE_STRICT_OBJC_MSGSEND = YES;
				ENABLE_TESTABILITY = YES;
				ENABLE_USER_SCRIPT_SANDBOXING = YES;
				GCC_C_LANGUAGE_STANDARD = gnu17;
				GCC_DYNAMIC_NO_PIC = NO;
				GCC_NO_COMMON_BLOCKS = YES;
				GCC_OPTIMIZATION_LEVEL = 0;
				GCC_PREPROCESSOR_DEFINITIONS = (
					"DEBUG=1",
					"$(inherited)",
				);
				GCC_WARN_64_TO_32_BIT_CONVERSION = YES;
				GCC_WARN_ABOUT_RETURN_TYPE = YES_ERROR;
				GCC_WARN_UNDECLARED_SELECTOR = YES;
				GCC_WARN_UNINITIALIZED_AUTOS = YES_AGGRESSIVE;
				GCC_WARN_UNUSED_FUNCTION = YES;
				GCC_WARN_UNUSED_VARIABLE = YES;
				IPHONEOS_DEPLOYMENT_TARGET = 17.4;
				LOCALIZATION_PREFERS_STRING_CATALOGS = YES;
				MTL_ENABLE_DEBUG_INFO = INCLUDE_SOURCE;
				MTL_FAST_MATH = YES;
				ONLY_ACTIVE_ARCH = YES;
				SDKROOT = iphoneos;
				SWIFT_ACTIVE_COMPILATION_CONDITIONS = "DEBUG $(inherited)";
				SWIFT_OPTIMIZATION_LEVEL = "-Onone";
			};
			name = Debug;
		};
		A8112FB12BFC0CCB009F9672 /* Release */ = {
			isa = XCBuildConfiguration;
			buildSettings = {
				ALWAYS_SEARCH_USER_PATHS = NO;
				ASSETCATALOG_COMPILER_GENERATE_SWIFT_ASSET_SYMBOL_EXTENSIONS = YES;
				CLANG_ANALYZER_NONNULL = YES;
				CLANG_ANALYZER_NUMBER_OBJECT_CONVERSION = YES_AGGRESSIVE;
				CLANG_CXX_LANGUAGE_STANDARD = "gnu++20";
				CLANG_ENABLE_MODULES = YES;
				CLANG_ENABLE_OBJC_ARC = YES;
				CLANG_ENABLE_OBJC_WEAK = YES;
				CLANG_WARN_BLOCK_CAPTURE_AUTORELEASING = YES;
				CLANG_WARN_BOOL_CONVERSION = YES;
				CLANG_WARN_COMMA = YES;
				CLANG_WARN_CONSTANT_CONVERSION = YES;
				CLANG_WARN_DEPRECATED_OBJC_IMPLEMENTATIONS = YES;
				CLANG_WARN_DIRECT_OBJC_ISA_USAGE = YES_ERROR;
				CLANG_WARN_DOCUMENTATION_COMMENTS = YES;
				CLANG_WARN_EMPTY_BODY = YES;
				CLANG_WARN_ENUM_CONVERSION = YES;
				CLANG_WARN_INFINITE_RECURSION = YES;
				CLANG_WARN_INT_CONVERSION = YES;
				CLANG_WARN_NON_LITERAL_NULL_CONVERSION = YES;
				CLANG_WARN_OBJC_IMPLICIT_RETAIN_SELF = YES;
				CLANG_WARN_OBJC_LITERAL_CONVERSION = YES;
				CLANG_WARN_OBJC_ROOT_CLASS = YES_ERROR;
				CLANG_WARN_QUOTED_INCLUDE_IN_FRAMEWORK_HEADER = YES;
				CLANG_WARN_RANGE_LOOP_ANALYSIS = YES;
				CLANG_WARN_STRICT_PROTOTYPES = YES;
				CLANG_WARN_SUSPICIOUS_MOVE = YES;
				CLANG_WARN_UNGUARDED_AVAILABILITY = YES_AGGRESSIVE;
				CLANG_WARN_UNREACHABLE_CODE = YES;
				CLANG_WARN__DUPLICATE_METHOD_MATCH = YES;
				COPY_PHASE_STRIP = NO;
				DEBUG_INFORMATION_FORMAT = "dwarf-with-dsym";
				ENABLE_NS_ASSERTIONS = NO;
				ENABLE_STRICT_OBJC_MSGSEND = YES;
				ENABLE_USER_SCRIPT_SANDBOXING = YES;
				GCC_C_LANGUAGE_STANDARD = gnu17;
				GCC_NO_COMMON_BLOCKS = YES;
				GCC_WARN_64_TO_32_BIT_CONVERSION = YES;
				GCC_WARN_ABOUT_RETURN_TYPE = YES_ERROR;
				GCC_WARN_UNDECLARED_SELECTOR = YES;
				GCC_WARN_UNINITIALIZED_AUTOS = YES_AGGRESSIVE;
				GCC_WARN_UNUSED_FUNCTION = YES;
				GCC_WARN_UNUSED_VARIABLE = YES;
				IPHONEOS_DEPLOYMENT_TARGET = 17.4;
				LOCALIZATION_PREFERS_STRING_CATALOGS = YES;
				MTL_ENABLE_DEBUG_INFO = NO;
				MTL_FAST_MATH = YES;
				SDKROOT = iphoneos;
				SWIFT_COMPILATION_MODE = wholemodule;
				VALIDATE_PRODUCT = YES;
			};
			name = Release;
		};
		A8112FB32BFC0CCB009F9672 /* Debug */ = {
			isa = XCBuildConfiguration;
			buildSettings = {
				ASSETCATALOG_COMPILER_APPICON_NAME = AppIcon;
				ASSETCATALOG_COMPILER_GLOBAL_ACCENT_COLOR_NAME = AccentColor;
				CODE_SIGN_STYLE = Automatic;
				CURRENT_PROJECT_VERSION = 1;
				DEVELOPMENT_TEAM = GUP3F3MX45;
				GENERATE_INFOPLIST_FILE = YES;
				INFOPLIST_FILE = project5/Info.plist;
				INFOPLIST_KEY_UIApplicationSupportsIndirectInputEvents = YES;
				INFOPLIST_KEY_UILaunchStoryboardName = LaunchScreen;
				INFOPLIST_KEY_UIMainStoryboardFile = Main;
				INFOPLIST_KEY_UISupportedInterfaceOrientations_iPad = "UIInterfaceOrientationPortrait UIInterfaceOrientationPortraitUpsideDown UIInterfaceOrientationLandscapeLeft UIInterfaceOrientationLandscapeRight";
				INFOPLIST_KEY_UISupportedInterfaceOrientations_iPhone = "UIInterfaceOrientationPortrait UIInterfaceOrientationLandscapeLeft UIInterfaceOrientationLandscapeRight";
				IPHONEOS_DEPLOYMENT_TARGET = 15.0;
				LD_RUNPATH_SEARCH_PATHS = (
					"$(inherited)",
					"@executable_path/Frameworks",
				);
				MARKETING_VERSION = 1.0;
				PRODUCT_BUNDLE_IDENTIFIER = com.bobyin.project5;
				PRODUCT_NAME = "$(TARGET_NAME)";
				SWIFT_EMIT_LOC_STRINGS = YES;
				SWIFT_VERSION = 5.0;
				TARGETED_DEVICE_FAMILY = "1,2";
			};
			name = Debug;
		};
		A8112FB42BFC0CCB009F9672 /* Release */ = {
			isa = XCBuildConfiguration;
			buildSettings = {
				ASSETCATALOG_COMPILER_APPICON_NAME = AppIcon;
				ASSETCATALOG_COMPILER_GLOBAL_ACCENT_COLOR_NAME = AccentColor;
				CODE_SIGN_STYLE = Automatic;
				CURRENT_PROJECT_VERSION = 1;
				DEVELOPMENT_TEAM = GUP3F3MX45;
				GENERATE_INFOPLIST_FILE = YES;
				INFOPLIST_FILE = project5/Info.plist;
				INFOPLIST_KEY_UIApplicationSupportsIndirectInputEvents = YES;
				INFOPLIST_KEY_UILaunchStoryboardName = LaunchScreen;
				INFOPLIST_KEY_UIMainStoryboardFile = Main;
				INFOPLIST_KEY_UISupportedInterfaceOrientations_iPad = "UIInterfaceOrientationPortrait UIInterfaceOrientationPortraitUpsideDown UIInterfaceOrientationLandscapeLeft UIInterfaceOrientationLandscapeRight";
				INFOPLIST_KEY_UISupportedInterfaceOrientations_iPhone = "UIInterfaceOrientationPortrait UIInterfaceOrientationLandscapeLeft UIInterfaceOrientationLandscapeRight";
				IPHONEOS_DEPLOYMENT_TARGET = 15.0;
				LD_RUNPATH_SEARCH_PATHS = (
					"$(inherited)",
					"@executable_path/Frameworks",
				);
				MARKETING_VERSION = 1.0;
				PRODUCT_BUNDLE_IDENTIFIER = com.bobyin.project5;
				PRODUCT_NAME = "$(TARGET_NAME)";
				SWIFT_EMIT_LOC_STRINGS = YES;
				SWIFT_VERSION = 5.0;
				TARGETED_DEVICE_FAMILY = "1,2";
			};
			name = Release;
		};
/* End XCBuildConfiguration section */

/* Begin XCConfigurationList section */
		A8112F992BFC0CC9009F9672 /* Build configuration list for PBXProject "project5" */ = {
			isa = XCConfigurationList;
			buildConfigurations = (
				A8112FB02BFC0CCB009F9672 /* Debug */,
				A8112FB12BFC0CCB009F9672 /* Release */,
			);
			defaultConfigurationIsVisible = 0;
			defaultConfigurationName = Release;
		};
		A8112FB22BFC0CCB009F9672 /* Build configuration list for PBXNativeTarget "project5" */ = {
			isa = XCConfigurationList;
			buildConfigurations = (
				A8112FB32BFC0CCB009F9672 /* Debug */,
				A8112FB42BFC0CCB009F9672 /* Release */,
			);
			defaultConfigurationIsVisible = 0;
			defaultConfigurationName = Release;
		};
/* End XCConfigurationList section */
	};
	rootObject = A8112F962BFC0CC9009F9672 /* Project object */;
}
